
Microsoft Visual Studio Solution File, Format Version 12.00
# Visual Studio 15
VisualStudioVersion = 15.0.28307.168
MinimumVisualStudioVersion = 10.0.40219.1
Project("{FAE04EC0-301F-11D3-BF4B-00C04F79EFBC}") = "2147483647.Kernel", "2147483647.Kernel\2147483647.Kernel.csproj", "{7BCA20E3-5472-45C1-91DD-B551CAB678E9}"
EndProject
Project("{FAE04EC0-301F-11D3-BF4B-00C04F79EFBC}") = "2147483647.44", "2147483647.44\2147483647.44.csproj", "{CC6A53EA-1DB8-4CBE-A805-22F1A17D0498}"
EndProject
Project("{FAE04EC0-301F-11D3-BF4B-00C04F79EFBC}") = "2147483647.20", "2147483647.20\2147483647.20.csproj", "{CFD21634-F693-44E8-9920-A61A5A3A1E6F}"
EndProject
Project("{FAE04EC0-301F-11D3-BF4B-00C04F79EFBC}") = "2147483647.95", "2147483647.95\2147483647.95.csproj", "{CC0DC8E1-852F-4690-8948-F682F2756FB8}"
EndProject
Global
	GlobalSection(SolutionConfigurationPlatforms) = preSolution
		Debug|Any CPU = Debug|Any CPU
		Release|Any CPU = Release|Any CPU
	EndGlobalSection
	GlobalSection(ProjectConfigurationPlatforms) = postSolution
		{7BCA20E3-5472-45C1-91DD-B551CAB678E9}.Debug|Any CPU.ActiveCfg = Debug|Any CPU
		{7BCA20E3-5472-45C1-91DD-B551CAB678E9}.Debug|Any CPU.Build.0 = Debug|Any CPU
		{7BCA20E3-5472-45C1-91DD-B551CAB678E9}.Release|Any CPU.ActiveCfg = Debug|Any CPU
		{7BCA20E3-5472-45C1-91DD-B551CAB678E9}.Release|Any CPU.Build.0 = Debug|Any CPU
		{CC6A53EA-1DB8-4CBE-A805-22F1A17D0498}.Debug|Any CPU.ActiveCfg = Debug|Any CPU
		{CC6A53EA-1DB8-4CBE-A805-22F1A17D0498}.Debug|Any CPU.Build.0 = Debug|Any CPU
		{CC6A53EA-1DB8-4CBE-A805-22F1A17D0498}.Release|Any CPU.ActiveCfg = Debug|Any CPU
		{CC6A53EA-1DB8-4CBE-A805-22F1A17D0498}.Release|Any CPU.Build.0 = Debug|Any CPU
		{CFD21634-F693-44E8-9920-A61A5A3A1E6F}.Debug|Any CPU.ActiveCfg = Debug|Any CPU
		{CFD21634-F693-44E8-9920-A61A5A3A1E6F}.Debug|Any CPU.Build.0 = Debug|Any CPU
		{CFD21634-F693-44E8-9920-A61A5A3A1E6F}.Release|Any CPU.ActiveCfg = Release|Any CPU
		{CFD21634-F693-44E8-9920-A61A5A3A1E6F}.Release|Any CPU.Build.0 = Release|Any CPU
		{CC0DC8E1-852F-4690-8948-F682F2756FB8}.Debug|Any CPU.ActiveCfg = Debug|Any CPU
		{CC0DC8E1-852F-4690-8948-F682F2756FB8}.Debug|Any CPU.Build.0 = Debug|Any CPU
		{CC0DC8E1-852F-4690-8948-F682F2756FB8}.Release|Any CPU.ActiveCfg = Release|Any CPU
		{CC0DC8E1-852F-4690-8948-F682F2756FB8}.Release|Any CPU.Build.0 = Release|Any CPU
	EndGlobalSection
	GlobalSection(SolutionProperties) = preSolution
		HideSolutionNode = FALSE
	EndGlobalSection
	GlobalSection(ExtensibilityGlobals) = postSolution
		SolutionGuid = {76ECC7C6-53C4-4319-8E1E-BD31229E7566}
	EndGlobalSection
EndGlobal
